hash: 3bd6184f50af7585a6b66128e4617993b3e086bb2d0933a7dd6d59d55e04d204
updated: 2018-05-20T18:14:14.837562605Z
imports:
- name: github.com/altipla-consulting/collections
  version: dd5d53544f186d0686932b72559b0818ac78d5cc
- name: github.com/inconshreveable/mousetrap
  version: 76626ae9c91c4f2a10f34cad8ce83ea42c93bb75
- name: github.com/juju/errors
  version: c7d06af17c68cd34c835053720b21f6549d9b0ee
- name: github.com/sirupsen/logrus
  version: 0dad3b6953e73d351ec8ebfd8a8c6b088d320381
- name: github.com/spf13/cobra
  version: ef82de70bb3f60c65fb8eebacbb2d122ef517385
- name: github.com/spf13/pflag
  version: 583c0c0531f06d5278b7d917446061adc344b5cd
- name: golang.org/x/crypto
  version: 1a580b3eff7814fc9b40602fd35256c63b50f491
  subpackages:
  - ssh/terminal
- name: golang.org/x/sys
  version: 7c87d13f8e835d2fb3a70a2912c811ed0c1d241b
  subpackages:
  - unix
  - windows
- name: gopkg.in/yaml.v2
  version: 5420a8b6744d3b0345ab293f6fcba19c978f1183
testImports: []
