hash: 3bd6184f50af7585a6b66128e4617993b3e086bb2d0933a7dd6d59d55e04d204
updated: 2018-01-05T08:38:17.768507826Z
imports:
- name: github.com/altipla-consulting/collections
  version: 1b3380bd54a3b7d582fbc542c90395cff50a224e
- name: github.com/inconshreveable/mousetrap
  version: 76626ae9c91c4f2a10f34cad8ce83ea42c93bb75
- name: github.com/juju/errors
  version: c7d06af17c68cd34c835053720b21f6549d9b0ee
- name: github.com/sirupsen/logrus
  version: d682213848ed68c0a260ca37d6dd5ace8423f5ba
- name: github.com/spf13/cobra
  version: b95ab734e27d33e0d8fbabf71ca990568d4e2020
- name: github.com/spf13/pflag
  version: 4c012f6dcd9546820e378d0bdda4d8fc772cdfea
- name: golang.org/x/crypto
  version: 0fcca4842a8d74bfddc2c96a073bd2a4d2a7a2e8
  subpackages:
  - ssh/terminal
- name: golang.org/x/sys
  version: a3f2cbd54cf5dfe3fbaccf76375fdb12f67654c8
  subpackages:
  - unix
  - windows
- name: gopkg.in/yaml.v2
  version: 0e4404da71227dcc02fb1deee803d93e86d08f72
testImports: []
